
Microsoft Visual Studio Solution File, Format Version 12.00
# Visual Studio Version 16
VisualStudioVersion = 16.0.30611.23
MinimumVisualStudioVersion = 10.0.40219.1
Project("{FAE04EC0-301F-11D3-BF4B-00C04F79EFBC}") = "TranQuangTruong_5951071114", "TranQuangTruong_5951071114\TranQuangTruong_5951071114.csproj", "{04A4C44E-2FA9-41AB-8575-C6E280E83F1D}"
EndProject
Global
	GlobalSection(SolutionConfigurationPlatforms) = preSolution
		Debug|Any CPU = Debug|Any CPU
		Release|Any CPU = Release|Any CPU
	EndGlobalSection
	GlobalSection(ProjectConfigurationPlatforms) = postSolution
		{04A4C44E-2FA9-41AB-8575-C6E280E83F1D}.Debug|Any CPU.ActiveCfg = Debug|Any CPU
		{04A4C44E-2FA9-41AB-8575-C6E280E83F1D}.Debug|Any CPU.Build.0 = Debug|Any CPU
		{04A4C44E-2FA9-41AB-8575-C6E280E83F1D}.Release|Any CPU.ActiveCfg = Release|Any CPU
		{04A4C44E-2FA9-41AB-8575-C6E280E83F1D}.Release|Any CPU.Build.0 = Release|Any CPU
	EndGlobalSection
	GlobalSection(SolutionProperties) = preSolution
		HideSolutionNode = FALSE
	EndGlobalSection
	GlobalSection(ExtensibilityGlobals) = postSolution
		SolutionGuid = {76A737E6-72A7-4EFE-8886-91787DF3B6E4}
	EndGlobalSection
EndGlobal
